// !$*UTF8*$!
{
	archiveVersion = 1;
	classes = {
	};
	objectVersion = 50;
	objects = {

/* Begin PBXBuildFile section */
		5566A84EAD45C36051955B5A /* libPods-画板.a in Frameworks */ = {isa = PBXBuildFile; fileRef = B7AE767093E95212124711BD /* libPods-画板.a */; };
		E9ED5A3025E8A3600066757E /* AppDelegate.m in Sources */ = {isa = PBXBuildFile; fileRef = E9ED5A2F25E8A3600066757E /* AppDelegate.m */; };
		E9ED5A3325E8A3600066757E /* SceneDelegate.m in Sources */ = {isa = PBXBuildFile; fileRef = E9ED5A3225E8A3600066757E /* SceneDelegate.m */; };
		E9ED5A3625E8A3600066757E /* ViewController.m in Sources */ = {isa = PBXBuildFile; fileRef = E9ED5A3525E8A3600066757E /* ViewController.m */; };
		E9ED5A3925E8A3600066757E /* Main.storyboard in Resources */ = {isa = PBXBuildFile; fileRef = E9ED5A3725E8A3600066757E /* Main.storyboard */; };
		E9ED5A3B25E8A3620066757E /* Assets.xcassets in Resources */ = {isa = PBXBuildFile; fileRef = E9ED5A3A25E8A3620066757E /* Assets.xcassets */; };
		E9ED5A3E25E8A3620066757E /* LaunchScreen.storyboard in Resources */ = {isa = PBXBuildFile; fileRef = E9ED5A3C25E8A3620066757E /* LaunchScreen.storyboard */; };
		E9ED5A4125E8A3620066757E /* main.m in Sources */ = {isa = PBXBuildFile; fileRef = E9ED5A4025E8A3620066757E /* main.m */; };
		E9ED5A4C25E8A5390066757E /* CustomView.m in Sources */ = {isa = PBXBuildFile; fileRef = E9ED5A4B25E8A5390066757E /* CustomView.m */; };
		E9ED5A5125E8A5D70066757E /* UIBezierPath+point.m in Sources */ = {isa = PBXBuildFile; fileRef = E9ED5A5025E8A5D70066757E /* UIBezierPath+point.m */; };
/* End PBXBuildFile section */

/* Begin PBXFileReference section */
		B7AE767093E95212124711BD /* libPods-画板.a */ = {isa = PBXFileReference; explicitFileType = archive.ar; includeInIndex = 0; path = "libPods-画板.a"; sourceTree = BUILT_PRODUCTS_DIR; };
		BF45CE579E1FDA46D895BC7C /* Pods-画板.debug.xcconfig */ = {isa = PBXFileReference; includeInIndex = 1; lastKnownFileType = text.xcconfig; name = "Pods-画板.debug.xcconfig"; path = "Target Support Files/Pods-画板/Pods-画板.debug.xcconfig"; sourceTree = "<group>"; };
		C34DED02E67A0F47116149EE /* Pods-画板.release.xcconfig */ = {isa = PBXFileReference; includeInIndex = 1; lastKnownFileType = text.xcconfig; name = "Pods-画板.release.xcconfig"; path = "Target Support Files/Pods-画板/Pods-画板.release.xcconfig"; sourceTree = "<group>"; };
		E9ED5A2B25E8A3600066757E /* 画板.app */ = {isa = PBXFileReference; explicitFileType = wrapper.application; includeInIndex = 0; path = "画板.app"; sourceTree = BUILT_PRODUCTS_DIR; };
		E9ED5A2E25E8A3600066757E /* AppDelegate.h */ = {isa = PBXFileReference; lastKnownFileType = sourcecode.c.h; path = AppDelegate.h; sourceTree = "<group>"; };
		E9ED5A2F25E8A3600066757E /* AppDelegate.m */ = {isa = PBXFileReference; lastKnownFileType = sourcecode.c.objc; path = AppDelegate.m; sourceTree = "<group>"; };
		E9ED5A3125E8A3600066757E /* SceneDelegate.h */ = {isa = PBXFileReference; lastKnownFileType = sourcecode.c.h; path = SceneDelegate.h; sourceTree = "<group>"; };
		E9ED5A3225E8A3600066757E /* SceneDelegate.m */ = {isa = PBXFileReference; lastKnownFileType = sourcecode.c.objc; path = SceneDelegate.m; sourceTree = "<group>"; };
		E9ED5A3425E8A3600066757E /* ViewController.h */ = {isa = PBXFileReference; lastKnownFileType = sourcecode.c.h; path = ViewController.h; sourceTree = "<group>"; };
		E9ED5A3525E8A3600066757E /* ViewController.m */ = {isa = PBXFileReference; lastKnownFileType = sourcecode.c.objc; path = ViewController.m; sourceTree = "<group>"; };
		E9ED5A3825E8A3600066757E /* Base */ = {isa = PBXFileReference; lastKnownFileType = file.storyboard; name = Base; path = Base.lproj/Main.storyboard; sourceTree = "<group>"; };
		E9ED5A3A25E8A3620066757E /* Assets.xcassets */ = {isa = PBXFileReference; lastKnownFileType = folder.assetcatalog; path = Assets.xcassets; sourceTree = "<group>"; };
		E9ED5A3D25E8A3620066757E /* Base */ = {isa = PBXFileReference; lastKnownFileType = file.storyboard; name = Base; path = Base.lproj/LaunchScreen.storyboard; sourceTree = "<group>"; };
		E9ED5A3F25E8A3620066757E /* Info.plist */ = {isa = PBXFileReference; lastKnownFileType = text.plist.xml; path = Info.plist; sourceTree = "<group>"; };
		E9ED5A4025E8A3620066757E /* main.m */ = {isa = PBXFileReference; lastKnownFileType = sourcecode.c.objc; path = main.m; sourceTree = "<group>"; };
		E9ED5A4A25E8A5390066757E /* CustomView.h */ = {isa = PBXFileReference; lastKnownFileType = sourcecode.c.h; path = CustomView.h; sourceTree = "<group>"; };
		E9ED5A4B25E8A5390066757E /* CustomView.m */ = {isa = PBXFileReference; lastKnownFileType = sourcecode.c.objc; path = CustomView.m; sourceTree = "<group>"; };
		E9ED5A4F25E8A5D70066757E /* UIBezierPath+point.h */ = {isa = PBXFileReference; fileEncoding = 4; lastKnownFileType = sourcecode.c.h; path = "UIBezierPath+point.h"; sourceTree = "<group>"; };
		E9ED5A5025E8A5D70066757E /* UIBezierPath+point.m */ = {isa = PBXFileReference; fileEncoding = 4; lastKnownFileType = sourcecode.c.objc; path = "UIBezierPath+point.m"; sourceTree = "<group>"; };
/* End PBXFileReference section */

/* Begin PBXFrameworksBuildPhase section */
		E9ED5A2825E8A3600066757E /* Frameworks */ = {
			isa = PBXFrameworksBuildPhase;
			buildActionMask = 2147483647;
			files = (
				5566A84EAD45C36051955B5A /* libPods-画板.a in Frameworks */,
			);
			runOnlyForDeploymentPostprocessing = 0;
		};
/* End PBXFrameworksBuildPhase section */

/* Begin PBXGroup section */
		2DE11AF10A0B55A3DBAB3B5C /* Pods */ = {
			isa = PBXGroup;
			children = (
				BF45CE579E1FDA46D895BC7C /* Pods-画板.debug.xcconfig */,
				C34DED02E67A0F47116149EE /* Pods-画板.release.xcconfig */,
			);
			name = Pods;
			path = Pods;
			sourceTree = "<group>";
		};
		E8567AC04028EF463222218D /* Frameworks */ = {
			isa = PBXGroup;
			children = (
				B7AE767093E95212124711BD /* libPods-画板.a */,
			);
			name = Frameworks;
			sourceTree = "<group>";
		};
		E9ED5A2225E8A3600066757E = {
			isa = PBXGroup;
			children = (
				E9ED5A2D25E8A3600066757E /* 画板 */,
				E9ED5A2C25E8A3600066757E /* Products */,
				2DE11AF10A0B55A3DBAB3B5C /* Pods */,
				E8567AC04028EF463222218D /* Frameworks */,
			);
			sourceTree = "<group>";
		};
		E9ED5A2C25E8A3600066757E /* Products */ = {
			isa = PBXGroup;
			children = (
				E9ED5A2B25E8A3600066757E /* 画板.app */,
			);
			name = Products;
			sourceTree = "<group>";
		};
		E9ED5A2D25E8A3600066757E /* 画板 */ = {
			isa = PBXGroup;
			children = (
				E9ED5A4A25E8A5390066757E /* CustomView.h */,
				E9ED5A4B25E8A5390066757E /* CustomView.m */,
				E9ED5A4F25E8A5D70066757E /* UIBezierPath+point.h */,
				E9ED5A5025E8A5D70066757E /* UIBezierPath+point.m */,
				E9ED5A3425E8A3600066757E /* ViewController.h */,
				E9ED5A3525E8A3600066757E /* ViewController.m */,
				E9ED5A4825E8A36F0066757E /* SupportingFiles */,
				E9ED5A3F25E8A3620066757E /* Info.plist */,
			);
			path = "画板";
			sourceTree = "<group>";
		};
		E9ED5A4825E8A36F0066757E /* SupportingFiles */ = {
			isa = PBXGroup;
			children = (
				E9ED5A3725E8A3600066757E /* Main.storyboard */,
				E9ED5A2E25E8A3600066757E /* AppDelegate.h */,
				E9ED5A2F25E8A3600066757E /* AppDelegate.m */,
				E9ED5A3125E8A3600066757E /* SceneDelegate.h */,
				E9ED5A3225E8A3600066757E /* SceneDelegate.m */,
				E9ED5A3A25E8A3620066757E /* Assets.xcassets */,
				E9ED5A3C25E8A3620066757E /* LaunchScreen.storyboard */,
				E9ED5A4025E8A3620066757E /* main.m */,
			);
			path = SupportingFiles;
			sourceTree = "<group>";
		};
/* End PBXGroup section */

/* Begin PBXNativeTarget section */
		E9ED5A2A25E8A3600066757E /* 画板 */ = {
			isa = PBXNativeTarget;
			buildConfigurationList = E9ED5A4425E8A3620066757E /* Build configuration list for PBXNativeTarget "画板" */;
			buildPhases = (
				AA31608102C9FA13B06613EF /* [CP] Check Pods Manifest.lock */,
				E9ED5A2725E8A3600066757E /* Sources */,
				E9ED5A2825E8A3600066757E /* Frameworks */,
				E9ED5A2925E8A3600066757E /* Resources */,
			);
			buildRules = (
			);
			dependencies = (
			);
			name = "画板";
			productName = "画板";
			productReference = E9ED5A2B25E8A3600066757E /* 画板.app */;
			productType = "com.apple.product-type.application";
		};
/* End PBXNativeTarget section */

/* Begin PBXProject section */
		E9ED5A2325E8A3600066757E /* Project object */ = {
			isa = PBXProject;
			attributes = {
				LastUpgradeCheck = 1240;
				TargetAttributes = {
					E9ED5A2A25E8A3600066757E = {
						CreatedOnToolsVersion = 12.4;
					};
				};
			};
			buildConfigurationList = E9ED5A2625E8A3600066757E /* Build configuration list for PBXProject "画板" */;
			compatibilityVersion = "Xcode 9.3";
			developmentRegion = en;
			hasScannedForEncodings = 0;
			knownRegions = (
				en,
				Base,
			);
			mainGroup = E9ED5A2225E8A3600066757E;
			productRefGroup = E9ED5A2C25E8A3600066757E /* Products */;
			projectDirPath = "";
			projectRoot = "";
			targets = (
				E9ED5A2A25E8A3600066757E /* 画板 */,
			);
		};
/* End PBXProject section */

/* Begin PBXResourcesBuildPhase section */
		E9ED5A2925E8A3600066757E /* Resources */ = {
			isa = PBXResourcesBuildPhase;
			buildActionMask = 2147483647;
			files = (
				E9ED5A3E25E8A3620066757E /* LaunchScreen.storyboard in Resources */,
				E9ED5A3B25E8A3620066757E /* Assets.xcassets in Resources */,
				E9ED5A3925E8A3600066757E /* Main.storyboard in Resources */,
			);
			runOnlyForDeploymentPostprocessing = 0;
		};
/* End PBXResourcesBuildPhase section */

/* Begin PBXShellScriptBuildPhase section */
		AA31608102C9FA13B06613EF /* [CP] Check Pods Manifest.lock */ = {
			isa = PBXShellScriptBuildPhase;
			buildActionMask = 2147483647;
			files = (
			);
			inputFileListPaths = (
			);
			inputPaths = (
				"${PODS_PODFILE_DIR_PATH}/Podfile.lock",
				"${PODS_ROOT}/Manifest.lock",
			);
			name = "[CP] Check Pods Manifest.lock";
			outputFileListPaths = (
			);
			outputPaths = (
				"$(DERIVED_FILE_DIR)/Pods-画板-checkManifestLockResult.txt",
			);
			runOnlyForDeploymentPostprocessing = 0;
			shellPath = /bin/sh;
			shellScript = "diff \"${PODS_PODFILE_DIR_PATH}/Podfile.lock\" \"${PODS_ROOT}/Manifest.lock\" > /dev/null\nif [ $? != 0 ] ; then\n    # print error to STDERR\n    echo \"error: The sandbox is not in sync with the Podfile.lock. Run 'pod install' or update your CocoaPods installation.\" >&2\n    exit 1\nfi\n# This output is used by Xcode 'outputs' to avoid re-running this script phase.\necho \"SUCCESS\" > \"${SCRIPT_OUTPUT_FILE_0}\"\n";
			showEnvVarsInLog = 0;
		};
/* End PBXShellScriptBuildPhase section */

/* Begin PBXSourcesBuildPhase section */
		E9ED5A2725E8A3600066757E /* Sources */ = {
			isa = PBXSourcesBuildPhase;
			buildActionMask = 2147483647;
			files = (
				E9ED5A5125E8A5D70066757E /* UIBezierPath+point.m in Sources */,
				E9ED5A4C25E8A5390066757E /* CustomView.m in Sources */,
				E9ED5A3625E8A3600066757E /* ViewController.m in Sources */,
				E9ED5A3025E8A3600066757E /* AppDelegate.m in Sources */,
				E9ED5A4125E8A3620066757E /* main.m in Sources */,
				E9ED5A3325E8A3600066757E /* SceneDelegate.m in Sources */,
			);
			runOnlyForDeploymentPostprocessing = 0;
		};
/* End PBXSourcesBuildPhase section */

/* Begin PBXVariantGroup section */
		E9ED5A3725E8A3600066757E /* Main.storyboard */ = {
			isa = PBXVariantGroup;
			children = (
				E9ED5A3825E8A3600066757E /* Base */,
			);
			name = Main.storyboard;
			sourceTree = "<group>";
		};
		E9ED5A3C25E8A3620066757E /* LaunchScreen.storyboard */ = {
			isa = PBXVariantGroup;
			children = (
				E9ED5A3D25E8A3620066757E /* Base */,
			);
			name = LaunchScreen.storyboard;
			sourceTree = "<group>";
		};
/* End PBXVariantGroup section */

/* Begin XCBuildConfiguration section */
		E9ED5A4225E8A3620066757E /* Debug */ = {
			isa = XCBuildConfiguration;
			buildSettings = {
				ALWAYS_SEARCH_USER_PATHS = NO;
				CLANG_ANALYZER_NONNULL = YES;
				CLANG_ANALYZER_NUMBER_OBJECT_CONVERSION = YES_AGGRESSIVE;
				CLANG_CXX_LANGUAGE_STANDARD = "gnu++14";
				CLANG_CXX_LIBRARY = "libc++";
				CLANG_ENABLE_MODULES = YES;
				CLANG_ENABLE_OBJC_ARC = YES;
				CLANG_ENABLE_OBJC_WEAK = YES;
				CLANG_WARN_BLOCK_CAPTURE_AUTORELEASING = YES;
				CLANG_WARN_BOOL_CONVERSION = YES;
				CLANG_WARN_COMMA = YES;
				CLANG_WARN_CONSTANT_CONVERSION = YES;
				CLANG_WARN_DEPRECATED_OBJC_IMPLEMENTATIONS = YES;
				CLANG_WARN_DIRECT_OBJC_ISA_USAGE = YES_ERROR;
				CLANG_WARN_DOCUMENTATION_COMMENTS = YES;
				CLANG_WARN_EMPTY_BODY = YES;
				CLANG_WARN_ENUM_CONVERSION = YES;
				CLANG_WARN_INFINITE_RECURSION = YES;
				CLANG_WARN_INT_CONVERSION = YES;
				CLANG_WARN_NON_LITERAL_NULL_CONVERSION = YES;
				CLANG_WARN_OBJC_IMPLICIT_RETAIN_SELF = YES;
				CLANG_WARN_OBJC_LITERAL_CONVERSION = YES;
				CLANG_WARN_OBJC_ROOT_CLASS = YES_ERROR;
				CLANG_WARN_QUOTED_INCLUDE_IN_FRAMEWORK_HEADER = YES;
				CLANG_WARN_RANGE_LOOP_ANALYSIS = YES;
				CLANG_WARN_STRICT_PROTOTYPES = YES;
				CLANG_WARN_SUSPICIOUS_MOVE = YES;
				CLANG_WARN_UNGUARDED_AVAILABILITY = YES_AGGRESSIVE;
				CLANG_WARN_UNREACHABLE_CODE = YES;
				CLANG_WARN__DUPLICATE_METHOD_MATCH = YES;
				COPY_PHASE_STRIP = NO;
				DEBUG_INFORMATION_FORMAT = dwarf;
				ENABLE_STRICT_OBJC_MSGSEND = YES;
				ENABLE_TESTABILITY = YES;
				GCC_C_LANGUAGE_STANDARD = gnu11;
				GCC_DYNAMIC_NO_PIC = NO;
				GCC_NO_COMMON_BLOCKS = YES;
				GCC_OPTIMIZATION_LEVEL = 0;
				GCC_PREPROCESSOR_DEFINITIONS = (
					"DEBUG=1",
					"$(inherited)",
				);
				GCC_WARN_64_TO_32_BIT_CONVERSION = YES;
				GCC_WARN_ABOUT_RETURN_TYPE = YES_ERROR;
				GCC_WARN_UNDECLARED_SELECTOR = YES;
				GCC_WARN_UNINITIALIZED_AUTOS = YES_AGGRESSIVE;
				GCC_WARN_UNUSED_FUNCTION = YES;
				GCC_WARN_UNUSED_VARIABLE = YES;
				IPHONEOS_DEPLOYMENT_TARGET = 14.4;
				MTL_ENABLE_DEBUG_INFO = INCLUDE_SOURCE;
				MTL_FAST_MATH = YES;
				ONLY_ACTIVE_ARCH = YES;
				SDKROOT = iphoneos;
			};
			name = Debug;
		};
		E9ED5A4325E8A3620066757E /* Release */ = {
			isa = XCBuildConfiguration;
			buildSettings = {
				ALWAYS_SEARCH_USER_PATHS = NO;
				CLANG_ANALYZER_NONNULL = YES;
				CLANG_ANALYZER_NUMBER_OBJECT_CONVERSION = YES_AGGRESSIVE;
				CLANG_CXX_LANGUAGE_STANDARD = "gnu++14";
				CLANG_CXX_LIBRARY = "libc++";
				CLANG_ENABLE_MODULES = YES;
				CLANG_ENABLE_OBJC_ARC = YES;
				CLANG_ENABLE_OBJC_WEAK = YES;
				CLANG_WARN_BLOCK_CAPTURE_AUTORELEASING = YES;
				CLANG_WARN_BOOL_CONVERSION = YES;
				CLANG_WARN_COMMA = YES;
				CLANG_WARN_CONSTANT_CONVERSION = YES;
				CLANG_WARN_DEPRECATED_OBJC_IMPLEMENTATIONS = YES;
				CLANG_WARN_DIRECT_OBJC_ISA_USAGE = YES_ERROR;
				CLANG_WARN_DOCUMENTATION_COMMENTS = YES;
				CLANG_WARN_EMPTY_BODY = YES;
				CLANG_WARN_ENUM_CONVERSION = YES;
				CLANG_WARN_INFINITE_RECURSION = YES;
				CLANG_WARN_INT_CONVERSION = YES;
				CLANG_WARN_NON_LITERAL_NULL_CONVERSION = YES;
				CLANG_WARN_OBJC_IMPLICIT_RETAIN_SELF = YES;
				CLANG_WARN_OBJC_LITERAL_CONVERSION = YES;
				CLANG_WARN_OBJC_ROOT_CLASS = YES_ERROR;
				CLANG_WARN_QUOTED_INCLUDE_IN_FRAMEWORK_HEADER = YES;
				CLANG_WARN_RANGE_LOOP_ANALYSIS = YES;
				CLANG_WARN_STRICT_PROTOTYPES = YES;
				CLANG_WARN_SUSPICIOUS_MOVE = YES;
				CLANG_WARN_UNGUARDED_AVAILABILITY = YES_AGGRESSIVE;
				CLANG_WARN_UNREACHABLE_CODE = YES;
				CLANG_WARN__DUPLICATE_METHOD_MATCH = YES;
				COPY_PHASE_STRIP = NO;
				DEBUG_INFORMATION_FORMAT = "dwarf-with-dsym";
				ENABLE_NS_ASSERTIONS = NO;
				ENABLE_STRICT_OBJC_MSGSEND = YES;
				GCC_C_LANGUAGE_STANDARD = gnu11;
				GCC_NO_COMMON_BLOCKS = YES;
				GCC_WARN_64_TO_32_BIT_CONVERSION = YES;
				GCC_WARN_ABOUT_RETURN_TYPE = YES_ERROR;
				GCC_WARN_UNDECLARED_SELECTOR = YES;
				GCC_WARN_UNINITIALIZED_AUTOS = YES_AGGRESSIVE;
				GCC_WARN_UNUSED_FUNCTION = YES;
				GCC_WARN_UNUSED_VARIABLE = YES;
				IPHONEOS_DEPLOYMENT_TARGET = 14.4;
				MTL_ENABLE_DEBUG_INFO = NO;
				MTL_FAST_MATH = YES;
				SDKROOT = iphoneos;
				VALIDATE_PRODUCT = YES;
			};
			name = Release;
		};
		E9ED5A4525E8A3620066757E /* Debug */ = {
			isa = XCBuildConfiguration;
			baseConfigurationReference = BF45CE579E1FDA46D895BC7C /* Pods-画板.debug.xcconfig */;
			buildSettings = {
				ASSETCATALOG_COMPILER_APPICON_NAME = AppIcon;
				ASSETCATALOG_COMPILER_GLOBAL_ACCENT_COLOR_NAME = AccentColor;
				CODE_SIGN_STYLE = Automatic;
				INFOPLIST_FILE = "画板/Info.plist";
				LD_RUNPATH_SEARCH_PATHS = (
					"$(inherited)",
					"@executable_path/Frameworks",
				);
				PRODUCT_BUNDLE_IDENTIFIER = "com.xiejiapei.Advanced.--";
				PRODUCT_NAME = "$(TARGET_NAME)";
				TARGETED_DEVICE_FAMILY = "1,2";
			};
			name = Debug;
		};
		E9ED5A4625E8A3620066757E /* Release */ = {
			isa = XCBuildConfiguration;
			baseConfigurationReference = C34DED02E67A0F47116149EE /* Pods-画板.release.xcconfig */;
			buildSettings = {
				ASSETCATALOG_COMPILER_APPICON_NAME = AppIcon;
				ASSETCATALOG_COMPILER_GLOBAL_ACCENT_COLOR_NAME = AccentColor;
				CODE_SIGN_STYLE = Automatic;
				INFOPLIST_FILE = "画板/Info.plist";
				LD_RUNPATH_SEARCH_PATHS = (
					"$(inherited)",
					"@executable_path/Frameworks",
				);
				PRODUCT_BUNDLE_IDENTIFIER = "com.xiejiapei.Advanced.--";
				PRODUCT_NAME = "$(TARGET_NAME)";
				TARGETED_DEVICE_FAMILY = "1,2";
			};
			name = Release;
		};
/* End XCBuildConfiguration section */

/* Begin XCConfigurationList section */
		E9ED5A2625E8A3600066757E /* Build configuration list for PBXProject "画板" */ = {
			isa = XCConfigurationList;
			buildConfigurations = (
				E9ED5A4225E8A3620066757E /* Debug */,
				E9ED5A4325E8A3620066757E /* Release */,
			);
			defaultConfigurationIsVisible = 0;
			defaultConfigurationName = Release;
		};
		E9ED5A4425E8A3620066757E /* Build configuration list for PBXNativeTarget "画板" */ = {
			isa = XCConfigurationList;
			buildConfigurations = (
				E9ED5A4525E8A3620066757E /* Debug */,
				E9ED5A4625E8A3620066757E /* Release */,
			);
			defaultConfigurationIsVisible = 0;
			defaultConfigurationName = Release;
		};
/* End XCConfigurationList section */
	};
	rootObject = E9ED5A2325E8A3600066757E /* Project object */;
}
